// !$*UTF8*$!
{
	archiveVersion = 1;
	classes = {
	};
	objectVersion = 46;
	objects = {

/* Begin PBXBuildFile section */
		282477591EA58F6B00644555 /* GroupCell.swift in Sources */ = {isa = PBXBuildFile; fileRef = 282477581EA58F6B00644555 /* GroupCell.swift */; };
		2824775B1EA5C01600644555 /* Task.swift in Sources */ = {isa = PBXBuildFile; fileRef = 2824775A1EA5C01600644555 /* Task.swift */; };
		2824775E1EA5C2AB00644555 /* CreateTaskViewController.swift in Sources */ = {isa = PBXBuildFile; fileRef = 2824775D1EA5C2AB00644555 /* CreateTaskViewController.swift */; };
		28CE99621EA2B25700A5DE7D /* ProfileViewController.swift in Sources */ = {isa = PBXBuildFile; fileRef = 28CE99611EA2B25700A5DE7D /* ProfileViewController.swift */; };
		657DFE051E9C8D4800345A39 /* AppDelegate.swift in Sources */ = {isa = PBXBuildFile; fileRef = 657DFE041E9C8D4800345A39 /* AppDelegate.swift */; };
		657DFE0A1E9C8D4800345A39 /* Main.storyboard in Resources */ = {isa = PBXBuildFile; fileRef = 657DFE081E9C8D4800345A39 /* Main.storyboard */; };
		657DFE0C1E9C8D4800345A39 /* Assets.xcassets in Resources */ = {isa = PBXBuildFile; fileRef = 657DFE0B1E9C8D4800345A39 /* Assets.xcassets */; };
		657DFE0F1E9C8D4800345A39 /* LaunchScreen.storyboard in Resources */ = {isa = PBXBuildFile; fileRef = 657DFE0D1E9C8D4800345A39 /* LaunchScreen.storyboard */; };
		657DFE171E9C906900345A39 /* LoginViewController.swift in Sources */ = {isa = PBXBuildFile; fileRef = 657DFE161E9C906900345A39 /* LoginViewController.swift */; };
		657DFE1D1E9C976500345A39 /* TaskViewController.swift in Sources */ = {isa = PBXBuildFile; fileRef = 657DFE1C1E9C976500345A39 /* TaskViewController.swift */; };
		CD42B421E0354E9B62AAA664 /* Pods_Nudge.framework in Frameworks */ = {isa = PBXBuildFile; fileRef = C410732037BE1303D5250C84 /* Pods_Nudge.framework */; };
		E4B828BB1EA3F76600DEBF37 /* TaskViewCell.swift in Sources */ = {isa = PBXBuildFile; fileRef = E4B828BA1EA3F76600DEBF37 /* TaskViewCell.swift */; };
		E4B828BD1EA3FCE600DEBF37 /* SignUpViewController.swift in Sources */ = {isa = PBXBuildFile; fileRef = E4B828BC1EA3FCE600DEBF37 /* SignUpViewController.swift */; };
/* End PBXBuildFile section */

/* Begin PBXFileReference section */
		282477581EA58F6B00644555 /* GroupCell.swift */ = {isa = PBXFileReference; fileEncoding = 4; lastKnownFileType = sourcecode.swift; path = GroupCell.swift; sourceTree = "<group>"; };
		2824775A1EA5C01600644555 /* Task.swift */ = {isa = PBXFileReference; fileEncoding = 4; lastKnownFileType = sourcecode.swift; path = Task.swift; sourceTree = "<group>"; };
		2824775D1EA5C2AB00644555 /* CreateTaskViewController.swift */ = {isa = PBXFileReference; fileEncoding = 4; lastKnownFileType = sourcecode.swift; path = CreateTaskViewController.swift; sourceTree = "<group>"; };
		28CE99611EA2B25700A5DE7D /* ProfileViewController.swift */ = {isa = PBXFileReference; fileEncoding = 4; lastKnownFileType = sourcecode.swift; path = ProfileViewController.swift; sourceTree = "<group>"; };
		3CF1CE1BF16EA784B087570C /* Pods-Nudge.release.xcconfig */ = {isa = PBXFileReference; includeInIndex = 1; lastKnownFileType = text.xcconfig; name = "Pods-Nudge.release.xcconfig"; path = "Pods/Target Support Files/Pods-Nudge/Pods-Nudge.release.xcconfig"; sourceTree = "<group>"; };
		657DFE011E9C8D4800345A39 /* Nudge.app */ = {isa = PBXFileReference; explicitFileType = wrapper.application; includeInIndex = 0; path = Nudge.app; sourceTree = BUILT_PRODUCTS_DIR; };
		657DFE041E9C8D4800345A39 /* AppDelegate.swift */ = {isa = PBXFileReference; lastKnownFileType = sourcecode.swift; path = AppDelegate.swift; sourceTree = "<group>"; };
		657DFE091E9C8D4800345A39 /* Base */ = {isa = PBXFileReference; lastKnownFileType = file.storyboard; name = Base; path = Base.lproj/Main.storyboard; sourceTree = "<group>"; };
		657DFE0B1E9C8D4800345A39 /* Assets.xcassets */ = {isa = PBXFileReference; lastKnownFileType = folder.assetcatalog; path = Assets.xcassets; sourceTree = "<group>"; };
		657DFE0E1E9C8D4800345A39 /* Base */ = {isa = PBXFileReference; lastKnownFileType = file.storyboard; name = Base; path = Base.lproj/LaunchScreen.storyboard; sourceTree = "<group>"; };
		657DFE101E9C8D4800345A39 /* Info.plist */ = {isa = PBXFileReference; lastKnownFileType = text.plist.xml; path = Info.plist; sourceTree = "<group>"; };
		657DFE161E9C906900345A39 /* LoginViewController.swift */ = {isa = PBXFileReference; fileEncoding = 4; lastKnownFileType = sourcecode.swift; path = LoginViewController.swift; sourceTree = "<group>"; };
		657DFE1C1E9C976500345A39 /* TaskViewController.swift */ = {isa = PBXFileReference; fileEncoding = 4; lastKnownFileType = sourcecode.swift; path = TaskViewController.swift; sourceTree = "<group>"; };
		B819ABCF14D4FF79AA0B0C01 /* Pods-Nudge.debug.xcconfig */ = {isa = PBXFileReference; includeInIndex = 1; lastKnownFileType = text.xcconfig; name = "Pods-Nudge.debug.xcconfig"; path = "Pods/Target Support Files/Pods-Nudge/Pods-Nudge.debug.xcconfig"; sourceTree = "<group>"; };
		C410732037BE1303D5250C84 /* Pods_Nudge.framework */ = {isa = PBXFileReference; explicitFileType = wrapper.framework; includeInIndex = 0; path = Pods_Nudge.framework; sourceTree = BUILT_PRODUCTS_DIR; };
		E4B828BA1EA3F76600DEBF37 /* TaskViewCell.swift */ = {isa = PBXFileReference; fileEncoding = 4; lastKnownFileType = sourcecode.swift; path = TaskViewCell.swift; sourceTree = "<group>"; };
		E4B828BC1EA3FCE600DEBF37 /* SignUpViewController.swift */ = {isa = PBXFileReference; fileEncoding = 4; lastKnownFileType = sourcecode.swift; path = SignUpViewController.swift; sourceTree = "<group>"; };
/* End PBXFileReference section */

/* Begin PBXFrameworksBuildPhase section */
		657DFDFE1E9C8D4800345A39 /* Frameworks */ = {
			isa = PBXFrameworksBuildPhase;
			buildActionMask = 2147483647;
			files = (
				CD42B421E0354E9B62AAA664 /* Pods_Nudge.framework in Frameworks */,
			);
			runOnlyForDeploymentPostprocessing = 0;
		};
/* End PBXFrameworksBuildPhase section */

/* Begin PBXGroup section */
		2824775C1EA5C01B00644555 /* Models */ = {
			isa = PBXGroup;
			children = (
				2824775A1EA5C01600644555 /* Task.swift */,
			);
			name = Models;
			sourceTree = "<group>";
		};
		657DFDF81E9C8D4700345A39 = {
			isa = PBXGroup;
			children = (
				657DFE031E9C8D4800345A39 /* Nudge */,
				657DFE021E9C8D4800345A39 /* Products */,
				D741B8F0AB53B6E6EA2404CC /* Pods */,
				BDA725B40564B0314BAC142B /* Frameworks */,
			);
			sourceTree = "<group>";
		};
		657DFE021E9C8D4800345A39 /* Products */ = {
			isa = PBXGroup;
			children = (
				657DFE011E9C8D4800345A39 /* Nudge.app */,
			);
			name = Products;
			sourceTree = "<group>";
		};
		657DFE031E9C8D4800345A39 /* Nudge */ = {
			isa = PBXGroup;
			children = (
				2824775C1EA5C01B00644555 /* Models */,
				657DFE1B1E9C90AC00345A39 /* Controllers */,
				657DFE1A1E9C90A100345A39 /* Views */,
				657DFE191E9C908A00345A39 /* Models */,
				657DFE041E9C8D4800345A39 /* AppDelegate.swift */,
				657DFE081E9C8D4800345A39 /* Main.storyboard */,
				657DFE0B1E9C8D4800345A39 /* Assets.xcassets */,
				657DFE0D1E9C8D4800345A39 /* LaunchScreen.storyboard */,
				657DFE101E9C8D4800345A39 /* Info.plist */,
			);
			path = Nudge;
			sourceTree = "<group>";
		};
		657DFE191E9C908A00345A39 /* Models */ = {
			isa = PBXGroup;
			children = (
			);
			name = Models;
			sourceTree = "<group>";
		};
		657DFE1A1E9C90A100345A39 /* Views */ = {
			isa = PBXGroup;
			children = (
				E4B828BA1EA3F76600DEBF37 /* TaskViewCell.swift */,
				282477581EA58F6B00644555 /* GroupCell.swift */,
			);
			name = Views;
			sourceTree = "<group>";
		};
		657DFE1B1E9C90AC00345A39 /* Controllers */ = {
			isa = PBXGroup;
			children = (
				657DFE161E9C906900345A39 /* LoginViewController.swift */,
				657DFE1C1E9C976500345A39 /* TaskViewController.swift */,
				28CE99611EA2B25700A5DE7D /* ProfileViewController.swift */,
				E4B828BC1EA3FCE600DEBF37 /* SignUpViewController.swift */,
				2824775D1EA5C2AB00644555 /* CreateTaskViewController.swift */,
			);
			name = Controllers;
			sourceTree = "<group>";
		};
		BDA725B40564B0314BAC142B /* Frameworks */ = {
			isa = PBXGroup;
			children = (
				C410732037BE1303D5250C84 /* Pods_Nudge.framework */,
			);
			name = Frameworks;
			sourceTree = "<group>";
		};
		D741B8F0AB53B6E6EA2404CC /* Pods */ = {
			isa = PBXGroup;
			children = (
				B819ABCF14D4FF79AA0B0C01 /* Pods-Nudge.debug.xcconfig */,
				3CF1CE1BF16EA784B087570C /* Pods-Nudge.release.xcconfig */,
			);
			name = Pods;
			sourceTree = "<group>";
		};
/* End PBXGroup section */

/* Begin PBXNativeTarget section */
		657DFE001E9C8D4800345A39 /* Nudge */ = {
			isa = PBXNativeTarget;
			buildConfigurationList = 657DFE131E9C8D4800345A39 /* Build configuration list for PBXNativeTarget "Nudge" */;
			buildPhases = (
				44CE19A9BCCDB8BBC93B2738 /* [CP] Check Pods Manifest.lock */,
				657DFDFD1E9C8D4800345A39 /* Sources */,
				657DFDFE1E9C8D4800345A39 /* Frameworks */,
				657DFDFF1E9C8D4800345A39 /* Resources */,
				0FA00868324DA920064A372B /* [CP] Embed Pods Frameworks */,
				B76477266F0B09878014E7F6 /* [CP] Copy Pods Resources */,
			);
			buildRules = (
			);
			dependencies = (
			);
			name = Nudge;
			productName = Nudge;
			productReference = 657DFE011E9C8D4800345A39 /* Nudge.app */;
			productType = "com.apple.product-type.application";
		};
/* End PBXNativeTarget section */

/* Begin PBXProject section */
		657DFDF91E9C8D4700345A39 /* Project object */ = {
			isa = PBXProject;
			attributes = {
				LastSwiftUpdateCheck = 0820;
				LastUpgradeCheck = 0820;
				ORGANIZATIONNAME = "Dephanie Ho";
				TargetAttributes = {
					657DFE001E9C8D4800345A39 = {
						CreatedOnToolsVersion = 8.2.1;
						ProvisioningStyle = Automatic;
					};
				};
			};
			buildConfigurationList = 657DFDFC1E9C8D4700345A39 /* Build configuration list for PBXProject "Nudge" */;
			compatibilityVersion = "Xcode 3.2";
			developmentRegion = English;
			hasScannedForEncodings = 0;
			knownRegions = (
				en,
				Base,
			);
			mainGroup = 657DFDF81E9C8D4700345A39;
			productRefGroup = 657DFE021E9C8D4800345A39 /* Products */;
			projectDirPath = "";
			projectRoot = "";
			targets = (
				657DFE001E9C8D4800345A39 /* Nudge */,
			);
		};
/* End PBXProject section */

/* Begin PBXResourcesBuildPhase section */
		657DFDFF1E9C8D4800345A39 /* Resources */ = {
			isa = PBXResourcesBuildPhase;
			buildActionMask = 2147483647;
			files = (
				657DFE0F1E9C8D4800345A39 /* LaunchScreen.storyboard in Resources */,
				657DFE0C1E9C8D4800345A39 /* Assets.xcassets in Resources */,
				657DFE0A1E9C8D4800345A39 /* Main.storyboard in Resources */,
			);
			runOnlyForDeploymentPostprocessing = 0;
		};
/* End PBXResourcesBuildPhase section */

/* Begin PBXShellScriptBuildPhase section */
		0FA00868324DA920064A372B /* [CP] Embed Pods Frameworks */ = {
			isa = PBXShellScriptBuildPhase;
			buildActionMask = 2147483647;
			files = (
			);
			inputPaths = (
			);
			name = "[CP] Embed Pods Frameworks";
			outputPaths = (
			);
			runOnlyForDeploymentPostprocessing = 0;
			shellPath = /bin/sh;
			shellScript = "\"${SRCROOT}/Pods/Target Support Files/Pods-Nudge/Pods-Nudge-frameworks.sh\"\n";
			showEnvVarsInLog = 0;
		};
		44CE19A9BCCDB8BBC93B2738 /* [CP] Check Pods Manifest.lock */ = {
			isa = PBXShellScriptBuildPhase;
			buildActionMask = 2147483647;
			files = (
			);
			inputPaths = (
			);
			name = "[CP] Check Pods Manifest.lock";
			outputPaths = (
			);
			runOnlyForDeploymentPostprocessing = 0;
			shellPath = /bin/sh;
			shellScript = "diff \"${PODS_ROOT}/../Podfile.lock\" \"${PODS_ROOT}/Manifest.lock\" > /dev/null\nif [ $? != 0 ] ; then\n    # print error to STDERR\n    echo \"error: The sandbox is not in sync with the Podfile.lock. Run 'pod install' or update your CocoaPods installation.\" >&2\n    exit 1\nfi\n";
			showEnvVarsInLog = 0;
		};
		B76477266F0B09878014E7F6 /* [CP] Copy Pods Resources */ = {
			isa = PBXShellScriptBuildPhase;
			buildActionMask = 2147483647;
			files = (
			);
			inputPaths = (
			);
			name = "[CP] Copy Pods Resources";
			outputPaths = (
			);
			runOnlyForDeploymentPostprocessing = 0;
			shellPath = /bin/sh;
			shellScript = "\"${SRCROOT}/Pods/Target Support Files/Pods-Nudge/Pods-Nudge-resources.sh\"\n";
			showEnvVarsInLog = 0;
		};
/* End PBXShellScriptBuildPhase section */

/* Begin PBXSourcesBuildPhase section */
		657DFDFD1E9C8D4800345A39 /* Sources */ = {
			isa = PBXSourcesBuildPhase;
			buildActionMask = 2147483647;
			files = (
				2824775B1EA5C01600644555 /* Task.swift in Sources */,
				282477591EA58F6B00644555 /* GroupCell.swift in Sources */,
				E4B828BD1EA3FCE600DEBF37 /* SignUpViewController.swift in Sources */,
				657DFE171E9C906900345A39 /* LoginViewController.swift in Sources */,
				657DFE051E9C8D4800345A39 /* AppDelegate.swift in Sources */,
				2824775E1EA5C2AB00644555 /* CreateTaskViewController.swift in Sources */,
				E4B828BB1EA3F76600DEBF37 /* TaskViewCell.swift in Sources */,
				28CE99621EA2B25700A5DE7D /* ProfileViewController.swift in Sources */,
				657DFE1D1E9C976500345A39 /* TaskViewController.swift in Sources */,
			);
			runOnlyForDeploymentPostprocessing = 0;
		};
/* End PBXSourcesBuildPhase section */

/* Begin PBXVariantGroup section */
		657DFE081E9C8D4800345A39 /* Main.storyboard */ = {
			isa = PBXVariantGroup;
			children = (
				657DFE091E9C8D4800345A39 /* Base */,
			);
			name = Main.storyboard;
			sourceTree = "<group>";
		};
		657DFE0D1E9C8D4800345A39 /* LaunchScreen.storyboard */ = {
			isa = PBXVariantGroup;
			children = (
				657DFE0E1E9C8D4800345A39 /* Base */,
			);
			name = LaunchScreen.storyboard;
			sourceTree = "<group>";
		};
/* End PBXVariantGroup section */

/* Begin XCBuildConfiguration section */
		657DFE111E9C8D4800345A39 /* Debug */ = {
			isa = XCBuildConfiguration;
			buildSettings = {
				ALWAYS_SEARCH_USER_PATHS = NO;
				CLANG_ANALYZER_NONNULL = YES;
				CLANG_CXX_LANGUAGE_STANDARD = "gnu++0x";
				CLANG_CXX_LIBRARY = "libc++";
				CLANG_ENABLE_MODULES = YES;
				CLANG_ENABLE_OBJC_ARC = YES;
				CLANG_WARN_BOOL_CONVERSION = YES;
				CLANG_WARN_CONSTANT_CONVERSION = YES;
				CLANG_WARN_DIRECT_OBJC_ISA_USAGE = YES_ERROR;
				CLANG_WARN_DOCUMENTATION_COMMENTS = YES;
				CLANG_WARN_EMPTY_BODY = YES;
				CLANG_WARN_ENUM_CONVERSION = YES;
				CLANG_WARN_INFINITE_RECURSION = YES;
				CLANG_WARN_INT_CONVERSION = YES;
				CLANG_WARN_OBJC_ROOT_CLASS = YES_ERROR;
				CLANG_WARN_SUSPICIOUS_MOVE = YES;
				CLANG_WARN_UNREACHABLE_CODE = YES;
				CLANG_WARN__DUPLICATE_METHOD_MATCH = YES;
				"CODE_SIGN_IDENTITY[sdk=iphoneos*]" = "iPhone Developer";
				COPY_PHASE_STRIP = NO;
				DEBUG_INFORMATION_FORMAT = dwarf;
				ENABLE_STRICT_OBJC_MSGSEND = YES;
				ENABLE_TESTABILITY = YES;
				GCC_C_LANGUAGE_STANDARD = gnu99;
				GCC_DYNAMIC_NO_PIC = NO;
				GCC_NO_COMMON_BLOCKS = YES;
				GCC_OPTIMIZATION_LEVEL = 0;
				GCC_PREPROCESSOR_DEFINITIONS = (
					"DEBUG=1",
					"$(inherited)",
				);
				GCC_WARN_64_TO_32_BIT_CONVERSION = YES;
				GCC_WARN_ABOUT_RETURN_TYPE = YES_ERROR;
				GCC_WARN_UNDECLARED_SELECTOR = YES;
				GCC_WARN_UNINITIALIZED_AUTOS = YES_AGGRESSIVE;
				GCC_WARN_UNUSED_FUNCTION = YES;
				GCC_WARN_UNUSED_VARIABLE = YES;
				IPHONEOS_DEPLOYMENT_TARGET = 10.2;
				MTL_ENABLE_DEBUG_INFO = YES;
				ONLY_ACTIVE_ARCH = YES;
				SDKROOT = iphoneos;
				SWIFT_ACTIVE_COMPILATION_CONDITIONS = DEBUG;
				SWIFT_OPTIMIZATION_LEVEL = "-Onone";
				TARGETED_DEVICE_FAMILY = "1,2";
			};
			name = Debug;
		};
		657DFE121E9C8D4800345A39 /* Release */ = {
			isa = XCBuildConfiguration;
			buildSettings = {
				ALWAYS_SEARCH_USER_PATHS = NO;
				CLANG_ANALYZER_NONNULL = YES;
				CLANG_CXX_LANGUAGE_STANDARD = "gnu++0x";
				CLANG_CXX_LIBRARY = "libc++";
				CLANG_ENABLE_MODULES = YES;
				CLANG_ENABLE_OBJC_ARC = YES;
				CLANG_WARN_BOOL_CONVERSION = YES;
				CLANG_WARN_CONSTANT_CONVERSION = YES;
				CLANG_WARN_DIRECT_OBJC_ISA_USAGE = YES_ERROR;
				CLANG_WARN_DOCUMENTATION_COMMENTS = YES;
				CLANG_WARN_EMPTY_BODY = YES;
				CLANG_WARN_ENUM_CONVERSION = YES;
				CLANG_WARN_INFINITE_RECURSION = YES;
				CLANG_WARN_INT_CONVERSION = YES;
				CLANG_WARN_OBJC_ROOT_CLASS = YES_ERROR;
				CLANG_WARN_SUSPICIOUS_MOVE = YES;
				CLANG_WARN_UNREACHABLE_CODE = YES;
				CLANG_WARN__DUPLICATE_METHOD_MATCH = YES;
				"CODE_SIGN_IDENTITY[sdk=iphoneos*]" = "iPhone Developer";
				COPY_PHASE_STRIP = NO;
				DEBUG_INFORMATION_FORMAT = "dwarf-with-dsym";
				ENABLE_NS_ASSERTIONS = NO;
				ENABLE_STRICT_OBJC_MSGSEND = YES;
				GCC_C_LANGUAGE_STANDARD = gnu99;
				GCC_NO_COMMON_BLOCKS = YES;
				GCC_WARN_64_TO_32_BIT_CONVERSION = YES;
				GCC_WARN_ABOUT_RETURN_TYPE = YES_ERROR;
				GCC_WARN_UNDECLARED_SELECTOR = YES;
				GCC_WARN_UNINITIALIZED_AUTOS = YES_AGGRESSIVE;
				GCC_WARN_UNUSED_FUNCTION = YES;
				GCC_WARN_UNUSED_VARIABLE = YES;
				IPHONEOS_DEPLOYMENT_TARGET = 10.2;
				MTL_ENABLE_DEBUG_INFO = NO;
				SDKROOT = iphoneos;
				SWIFT_OPTIMIZATION_LEVEL = "-Owholemodule";
				TARGETED_DEVICE_FAMILY = "1,2";
				VALIDATE_PRODUCT = YES;
			};
			name = Release;
		};
		657DFE141E9C8D4800345A39 /* Debug */ = {
			isa = XCBuildConfiguration;
			baseConfigurationReference = B819ABCF14D4FF79AA0B0C01 /* Pods-Nudge.debug.xcconfig */;
			buildSettings = {
				ASSETCATALOG_COMPILER_APPICON_NAME = AppIcon;
				INFOPLIST_FILE = Nudge/Info.plist;
				LD_RUNPATH_SEARCH_PATHS = "$(inherited) @executable_path/Frameworks";
				PRODUCT_BUNDLE_IDENTIFIER = com.codepath.Nudge;
				PRODUCT_NAME = "$(TARGET_NAME)";
				SWIFT_VERSION = 3.0;
			};
			name = Debug;
		};
		657DFE151E9C8D4800345A39 /* Release */ = {
			isa = XCBuildConfiguration;
			baseConfigurationReference = 3CF1CE1BF16EA784B087570C /* Pods-Nudge.release.xcconfig */;
			buildSettings = {
				ASSETCATALOG_COMPILER_APPICON_NAME = AppIcon;
				INFOPLIST_FILE = Nudge/Info.plist;
				LD_RUNPATH_SEARCH_PATHS = "$(inherited) @executable_path/Frameworks";
				PRODUCT_BUNDLE_IDENTIFIER = com.codepath.Nudge;
				PRODUCT_NAME = "$(TARGET_NAME)";
				SWIFT_VERSION = 3.0;
			};
			name = Release;
		};
/* End XCBuildConfiguration section */

/* Begin XCConfigurationList section */
		657DFDFC1E9C8D4700345A39 /* Build configuration list for PBXProject "Nudge" */ = {
			isa = XCConfigurationList;
			buildConfigurations = (
				657DFE111E9C8D4800345A39 /* Debug */,
				657DFE121E9C8D4800345A39 /* Release */,
			);
			defaultConfigurationIsVisible = 0;
			defaultConfigurationName = Release;
		};
		657DFE131E9C8D4800345A39 /* Build configuration list for PBXNativeTarget "Nudge" */ = {
			isa = XCConfigurationList;
			buildConfigurations = (
				657DFE141E9C8D4800345A39 /* Debug */,
				657DFE151E9C8D4800345A39 /* Release */,
			);
			defaultConfigurationIsVisible = 0;
			defaultConfigurationName = Release;
		};
/* End XCConfigurationList section */
	};
	rootObject = 657DFDF91E9C8D4700345A39 /* Project object */;
}
